
Microsoft Visual Studio Solution File, Format Version 12.00
# Visual Studio Version 16
VisualStudioVersion = 16.0.30503.244
MinimumVisualStudioVersion = 10.0.40219.1
Project("{FAE04EC0-301F-11D3-BF4B-00C04F79EFBC}") = "s308 Homework 3", "s308 Homework 3.csproj", "{BFDAC527-75DB-4B80-AA13-8C1A144541D9}"
EndProject
Global
	GlobalSection(SolutionConfigurationPlatforms) = preSolution
		Debug|Any CPU = Debug|Any CPU
		Release|Any CPU = Release|Any CPU
	EndGlobalSection
	GlobalSection(ProjectConfigurationPlatforms) = postSolution
		{BFDAC527-75DB-4B80-AA13-8C1A144541D9}.Debug|Any CPU.ActiveCfg = Debug|Any CPU
		{BFDAC527-75DB-4B80-AA13-8C1A144541D9}.Debug|Any CPU.Build.0 = Debug|Any CPU
		{BFDAC527-75DB-4B80-AA13-8C1A144541D9}.Release|Any CPU.ActiveCfg = Release|Any CPU
		{BFDAC527-75DB-4B80-AA13-8C1A144541D9}.Release|Any CPU.Build.0 = Release|Any CPU
	EndGlobalSection
	GlobalSection(SolutionProperties) = preSolution
		HideSolutionNode = FALSE
	EndGlobalSection
	GlobalSection(ExtensibilityGlobals) = postSolution
		SolutionGuid = {8B24CD76-A051-4E26-8AD7-6A4416F71DEE}
	EndGlobalSection
EndGlobal
